
Microsoft Visual Studio Solution File, Format Version 12.00
# Visual Studio Version 17
VisualStudioVersion = 17.7.34031.279
MinimumVisualStudioVersion = 10.0.40219.1
Project("{FAE04EC0-301F-11D3-BF4B-00C04F79EFBC}") = "memorama", "memorama\memorama.csproj", "{09A70E14-D881-4975-B1EF-850265A5B5DD}"
EndProject
Global
	GlobalSection(SolutionConfigurationPlatforms) = preSolution
		Debug|Any CPU = Debug|Any CPU
		Release|Any CPU = Release|Any CPU
	EndGlobalSection
	GlobalSection(ProjectConfigurationPlatforms) = postSolution
		{09A70E14-D881-4975-B1EF-850265A5B5DD}.Debug|Any CPU.ActiveCfg = Debug|Any CPU
		{09A70E14-D881-4975-B1EF-850265A5B5DD}.Debug|Any CPU.Build.0 = Debug|Any CPU
		{09A70E14-D881-4975-B1EF-850265A5B5DD}.Release|Any CPU.ActiveCfg = Release|Any CPU
		{09A70E14-D881-4975-B1EF-850265A5B5DD}.Release|Any CPU.Build.0 = Release|Any CPU
	EndGlobalSection
	GlobalSection(SolutionProperties) = preSolution
		HideSolutionNode = FALSE
	EndGlobalSection
	GlobalSection(ExtensibilityGlobals) = postSolution
		SolutionGuid = {78D81656-661D-40BB-9DEC-268809A8B353}
	EndGlobalSection
EndGlobal
